
Microsoft Visual Studio Solution File, Format Version 12.00
# Visual Studio Version 16
VisualStudioVersion = 16.0.30204.135
MinimumVisualStudioVersion = 10.0.40219.1
Project("{FAE04EC0-301F-11D3-BF4B-00C04F79EFBC}") = "程序结构", "程序结构\程序结构.csproj", "{5101CCEB-F31F-4F4C-8750-C7E8BEF4C458}"
EndProject
Project("{FAE04EC0-301F-11D3-BF4B-00C04F79EFBC}") = "基本语法", "基本语法\基本语法.csproj", "{BA424CC8-85BA-432B-BFD8-04FB074610AC}"
EndProject
Project("{FAE04EC0-301F-11D3-BF4B-00C04F79EFBC}") = "数据类型", "数据类型\数据类型.csproj", "{9228AA8F-D89B-4AAF-A2D4-34E891B74962}"
EndProject
Project("{FAE04EC0-301F-11D3-BF4B-00C04F79EFBC}") = "类型转换", "类型转换\类型转换.csproj", "{4866DE2D-06DD-4F87-946F-6A6D492771E4}"
EndProject
Project("{FAE04EC0-301F-11D3-BF4B-00C04F79EFBC}") = "变量", "变量\变量.csproj", "{97E76385-4AB0-400D-B156-330C783D668A}"
EndProject
Project("{FAE04EC0-301F-11D3-BF4B-00C04F79EFBC}") = "常量", "常量\常量.csproj", "{EB4812AA-638C-4BA4-AC89-1A4B8C81498B}"
EndProject
Project("{FAE04EC0-301F-11D3-BF4B-00C04F79EFBC}") = "流程控制", "流程控制\流程控制.csproj", "{3D69C7E1-FEC5-4D83-9ECA-48E403EF4C1D}"
EndProject
Project("{FAE04EC0-301F-11D3-BF4B-00C04F79EFBC}") = "数组", "数组\数组.csproj", "{951DF8DA-2840-41B0-81B6-56BE62BBA3AC}"
EndProject
Global
	GlobalSection(SolutionConfigurationPlatforms) = preSolution
		Debug|Any CPU = Debug|Any CPU
		Release|Any CPU = Release|Any CPU
	EndGlobalSection
	GlobalSection(ProjectConfigurationPlatforms) = postSolution
		{5101CCEB-F31F-4F4C-8750-C7E8BEF4C458}.Debug|Any CPU.ActiveCfg = Debug|Any CPU
		{5101CCEB-F31F-4F4C-8750-C7E8BEF4C458}.Debug|Any CPU.Build.0 = Debug|Any CPU
		{5101CCEB-F31F-4F4C-8750-C7E8BEF4C458}.Release|Any CPU.ActiveCfg = Release|Any CPU
		{5101CCEB-F31F-4F4C-8750-C7E8BEF4C458}.Release|Any CPU.Build.0 = Release|Any CPU
		{BA424CC8-85BA-432B-BFD8-04FB074610AC}.Debug|Any CPU.ActiveCfg = Debug|Any CPU
		{BA424CC8-85BA-432B-BFD8-04FB074610AC}.Debug|Any CPU.Build.0 = Debug|Any CPU
		{BA424CC8-85BA-432B-BFD8-04FB074610AC}.Release|Any CPU.ActiveCfg = Release|Any CPU
		{BA424CC8-85BA-432B-BFD8-04FB074610AC}.Release|Any CPU.Build.0 = Release|Any CPU
		{9228AA8F-D89B-4AAF-A2D4-34E891B74962}.Debug|Any CPU.ActiveCfg = Debug|Any CPU
		{9228AA8F-D89B-4AAF-A2D4-34E891B74962}.Debug|Any CPU.Build.0 = Debug|Any CPU
		{9228AA8F-D89B-4AAF-A2D4-34E891B74962}.Release|Any CPU.ActiveCfg = Release|Any CPU
		{9228AA8F-D89B-4AAF-A2D4-34E891B74962}.Release|Any CPU.Build.0 = Release|Any CPU
		{4866DE2D-06DD-4F87-946F-6A6D492771E4}.Debug|Any CPU.ActiveCfg = Debug|Any CPU
		{4866DE2D-06DD-4F87-946F-6A6D492771E4}.Debug|Any CPU.Build.0 = Debug|Any CPU
		{4866DE2D-06DD-4F87-946F-6A6D492771E4}.Release|Any CPU.ActiveCfg = Release|Any CPU
		{4866DE2D-06DD-4F87-946F-6A6D492771E4}.Release|Any CPU.Build.0 = Release|Any CPU
		{97E76385-4AB0-400D-B156-330C783D668A}.Debug|Any CPU.ActiveCfg = Debug|Any CPU
		{97E76385-4AB0-400D-B156-330C783D668A}.Debug|Any CPU.Build.0 = Debug|Any CPU
		{97E76385-4AB0-400D-B156-330C783D668A}.Release|Any CPU.ActiveCfg = Release|Any CPU
		{97E76385-4AB0-400D-B156-330C783D668A}.Release|Any CPU.Build.0 = Release|Any CPU
		{EB4812AA-638C-4BA4-AC89-1A4B8C81498B}.Debug|Any CPU.ActiveCfg = Debug|Any CPU
		{EB4812AA-638C-4BA4-AC89-1A4B8C81498B}.Debug|Any CPU.Build.0 = Debug|Any CPU
		{EB4812AA-638C-4BA4-AC89-1A4B8C81498B}.Release|Any CPU.ActiveCfg = Release|Any CPU
		{EB4812AA-638C-4BA4-AC89-1A4B8C81498B}.Release|Any CPU.Build.0 = Release|Any CPU
		{3D69C7E1-FEC5-4D83-9ECA-48E403EF4C1D}.Debug|Any CPU.ActiveCfg = Debug|Any CPU
		{3D69C7E1-FEC5-4D83-9ECA-48E403EF4C1D}.Debug|Any CPU.Build.0 = Debug|Any CPU
		{3D69C7E1-FEC5-4D83-9ECA-48E403EF4C1D}.Release|Any CPU.ActiveCfg = Release|Any CPU
		{3D69C7E1-FEC5-4D83-9ECA-48E403EF4C1D}.Release|Any CPU.Build.0 = Release|Any CPU
		{951DF8DA-2840-41B0-81B6-56BE62BBA3AC}.Debug|Any CPU.ActiveCfg = Debug|Any CPU
		{951DF8DA-2840-41B0-81B6-56BE62BBA3AC}.Debug|Any CPU.Build.0 = Debug|Any CPU
		{951DF8DA-2840-41B0-81B6-56BE62BBA3AC}.Release|Any CPU.ActiveCfg = Release|Any CPU
		{951DF8DA-2840-41B0-81B6-56BE62BBA3AC}.Release|Any CPU.Build.0 = Release|Any CPU
	EndGlobalSection
	GlobalSection(SolutionProperties) = preSolution
		HideSolutionNode = FALSE
	EndGlobalSection
	GlobalSection(ExtensibilityGlobals) = postSolution
		SolutionGuid = {CD6B0E28-8670-49E7-94CD-E5BDF9B5E173}
	EndGlobalSection
EndGlobal
